
Microsoft Visual Studio Solution File, Format Version 12.00
# Visual Studio Version 17
VisualStudioVersion = 17.3.32929.385
MinimumVisualStudioVersion = 10.0.40219.1
Project("{FAE04EC0-301F-11D3-BF4B-00C04F79EFBC}") = "firma.portalwww", "firma.portalwww\firma.portalwww.csproj", "{6F8A9877-3204-4B59-B2E3-936A9AA4F270}"
EndProject
Project("{FAE04EC0-301F-11D3-BF4B-00C04F79EFBC}") = "firma.intranet", "firma.intranet\firma.intranet.csproj", "{5A19CFE6-25C0-43D5-AE4F-75572F83188A}"
EndProject
Global
	GlobalSection(SolutionConfigurationPlatforms) = preSolution
		Debug|Any CPU = Debug|Any CPU
		Release|Any CPU = Release|Any CPU
	EndGlobalSection
	GlobalSection(ProjectConfigurationPlatforms) = postSolution
		{6F8A9877-3204-4B59-B2E3-936A9AA4F270}.Debug|Any CPU.ActiveCfg = Debug|Any CPU
		{6F8A9877-3204-4B59-B2E3-936A9AA4F270}.Debug|Any CPU.Build.0 = Debug|Any CPU
		{6F8A9877-3204-4B59-B2E3-936A9AA4F270}.Release|Any CPU.ActiveCfg = Release|Any CPU
		{6F8A9877-3204-4B59-B2E3-936A9AA4F270}.Release|Any CPU.Build.0 = Release|Any CPU
		{5A19CFE6-25C0-43D5-AE4F-75572F83188A}.Debug|Any CPU.ActiveCfg = Debug|Any CPU
		{5A19CFE6-25C0-43D5-AE4F-75572F83188A}.Debug|Any CPU.Build.0 = Debug|Any CPU
		{5A19CFE6-25C0-43D5-AE4F-75572F83188A}.Release|Any CPU.ActiveCfg = Release|Any CPU
		{5A19CFE6-25C0-43D5-AE4F-75572F83188A}.Release|Any CPU.Build.0 = Release|Any CPU
	EndGlobalSection
	GlobalSection(SolutionProperties) = preSolution
		HideSolutionNode = FALSE
	EndGlobalSection
	GlobalSection(ExtensibilityGlobals) = postSolution
		SolutionGuid = {F06AF3EC-4354-4B4C-B49E-178D45820AA8}
	EndGlobalSection
EndGlobal
